// !$*UTF8*$!
{
	archiveVersion = 1;
	classes = {
	};
	objectVersion = 77;
	objects = {

/* Begin PBXContainerItemProxy section */
		83DF04092DE42549007ADC56 /* PBXContainerItemProxy */ = {
			isa = PBXContainerItemProxy;
			containerPortal = 83DF03F22DE42547007ADC56 /* Project object */;
			proxyType = 1;
			remoteGlobalIDString = 83DF03F92DE42547007ADC56;
			remoteInfo = xcode_project;
		};
		83DF04132DE42549007ADC56 /* PBXContainerItemProxy */ = {
			isa = PBXContainerItemProxy;
			containerPortal = 83DF03F22DE42547007ADC56 /* Project object */;
			proxyType = 1;
			remoteGlobalIDString = 83DF03F92DE42547007ADC56;
			remoteInfo = xcode_project;
		};
/* End PBXContainerItemProxy section */

/* Begin PBXFileReference section */
		83DF03FA2DE42547007ADC56 /* xcode_project.app */ = {isa = PBXFileReference; explicitFileType = wrapper.application; includeInIndex = 0; path = xcode_project.app; sourceTree = BUILT_PRODUCTS_DIR; };
		83DF04082DE42549007ADC56 /* xcode_projectTests.xctest */ = {isa = PBXFileReference; explicitFileType = wrapper.cfbundle; includeInIndex = 0; path = xcode_projectTests.xctest; sourceTree = BUILT_PRODUCTS_DIR; };
		83DF04122DE42549007ADC56 /* xcode_projectUITests.xctest */ = {isa = PBXFileReference; explicitFileType = wrapper.cfbundle; includeInIndex = 0; path = xcode_projectUITests.xctest; sourceTree = BUILT_PRODUCTS_DIR; };
/* End PBXFileReference section */

/* Begin PBXFileSystemSynchronizedRootGroup section */
		83DF03FC2DE42547007ADC56 /* xcode_project */ = {
			isa = PBXFileSystemSynchronizedRootGroup;
			path = xcode_project;
			sourceTree = "<group>";
		};
		83DF040B2DE42549007ADC56 /* xcode_projectTests */ = {
			isa = PBXFileSystemSynchronizedRootGroup;
			path = xcode_projectTests;
			sourceTree = "<group>";
		};
		83DF04152DE42549007ADC56 /* xcode_projectUITests */ = {
			isa = PBXFileSystemSynchronizedRootGroup;
			path = xcode_projectUITests;
			sourceTree = "<group>";
		};
/* End PBXFileSystemSynchronizedRootGroup section */

/* Begin PBXFrameworksBuildPhase section */
		83DF03F72DE42547007ADC56 /* Frameworks */ = {
			isa = PBXFrameworksBuildPhase;
			buildActionMask = 2147483647;
			files = (
			);
			runOnlyForDeploymentPostprocessing = 0;
		};
		83DF04052DE42549007ADC56 /* Frameworks */ = {
			isa = PBXFrameworksBuildPhase;
			buildActionMask = 2147483647;
			files = (
			);
			runOnlyForDeploymentPostprocessing = 0;
		};
		83DF040F2DE42549007ADC56 /* Frameworks */ = {
			isa = PBXFrameworksBuildPhase;
			buildActionMask = 2147483647;
			files = (
			);
			runOnlyForDeploymentPostprocessing = 0;
		};
/* End PBXFrameworksBuildPhase section */

/* Begin PBXGroup section */
		83DF03F12DE42547007ADC56 = {
			isa = PBXGroup;
			children = (
				83DF03FC2DE42547007ADC56 /* xcode_project */,
				83DF040B2DE42549007ADC56 /* xcode_projectTests */,
				83DF04152DE42549007ADC56 /* xcode_projectUITests */,
				83DF03FB2DE42547007ADC56 /* Products */,
			);
			sourceTree = "<group>";
		};
		83DF03FB2DE42547007ADC56 /* Products */ = {
			isa = PBXGroup;
			children = (
				83DF03FA2DE42547007ADC56 /* xcode_project.app */,
				83DF04082DE42549007ADC56 /* xcode_projectTests.xctest */,
				83DF04122DE42549007ADC56 /* xcode_projectUITests.xctest */,
			);
			name = Products;
			sourceTree = "<group>";
		};
/* End PBXGroup section */

/* Begin PBXNativeTarget section */
		83DF03F92DE42547007ADC56 /* xcode_project */ = {
			isa = PBXNativeTarget;
			buildConfigurationList = 83DF041C2DE42549007ADC56 /* Build configuration list for PBXNativeTarget "xcode_project" */;
			buildPhases = (
				83DF03F62DE42547007ADC56 /* Sources */,
				83DF03F72DE42547007ADC56 /* Frameworks */,
				83DF03F82DE42547007ADC56 /* Resources */,
			);
			buildRules = (
			);
			dependencies = (
			);
			fileSystemSynchronizedGroups = (
				83DF03FC2DE42547007ADC56 /* xcode_project */,
			);
			name = xcode_project;
			packageProductDependencies = (
			);
			productName = xcode_project;
			productReference = 83DF03FA2DE42547007ADC56 /* xcode_project.app */;
			productType = "com.apple.product-type.application";
		};
		83DF04072DE42549007ADC56 /* xcode_projectTests */ = {
			isa = PBXNativeTarget;
			buildConfigurationList = 83DF041F2DE42549007ADC56 /* Build configuration list for PBXNativeTarget "xcode_projectTests" */;
			buildPhases = (
				83DF04042DE42549007ADC56 /* Sources */,
				83DF04052DE42549007ADC56 /* Frameworks */,
				83DF04062DE42549007ADC56 /* Resources */,
			);
			buildRules = (
			);
			dependencies = (
				83DF040A2DE42549007ADC56 /* PBXTargetDependency */,
			);
			fileSystemSynchronizedGroups = (
				83DF040B2DE42549007ADC56 /* xcode_projectTests */,
			);
			name = xcode_projectTests;
			packageProductDependencies = (
			);
			productName = xcode_projectTests;
			productReference = 83DF04082DE42549007ADC56 /* xcode_projectTests.xctest */;
			productType = "com.apple.product-type.bundle.unit-test";
		};
		83DF04112DE42549007ADC56 /* xcode_projectUITests */ = {
			isa = PBXNativeTarget;
			buildConfigurationList = 83DF04222DE42549007ADC56 /* Build configuration list for PBXNativeTarget "xcode_projectUITests" */;
			buildPhases = (
				83DF040E2DE42549007ADC56 /* Sources */,
				83DF040F2DE42549007ADC56 /* Frameworks */,
				83DF04102DE42549007ADC56 /* Resources */,
			);
			buildRules = (
			);
			dependencies = (
				83DF04142DE42549007ADC56 /* PBXTargetDependency */,
			);
			fileSystemSynchronizedGroups = (
				83DF04152DE42549007ADC56 /* xcode_projectUITests */,
			);
			name = xcode_projectUITests;
			packageProductDependencies = (
			);
			productName = xcode_projectUITests;
			productReference = 83DF04122DE42549007ADC56 /* xcode_projectUITests.xctest */;
			productType = "com.apple.product-type.bundle.ui-testing";
		};
/* End PBXNativeTarget section */

/* Begin PBXProject section */
		83DF03F22DE42547007ADC56 /* Project object */ = {
			isa = PBXProject;
			attributes = {
				BuildIndependentTargetsInParallel = 1;
				LastSwiftUpdateCheck = 1630;
				LastUpgradeCheck = 1630;
				TargetAttributes = {
					83DF03F92DE42547007ADC56 = {
						CreatedOnToolsVersion = 16.3;
					};
					83DF04072DE42549007ADC56 = {
						CreatedOnToolsVersion = 16.3;
						TestTargetID = 83DF03F92DE42547007ADC56;
					};
					83DF04112DE42549007ADC56 = {
						CreatedOnToolsVersion = 16.3;
						TestTargetID = 83DF03F92DE42547007ADC56;
					};
				};
			};
			buildConfigurationList = 83DF03F52DE42547007ADC56 /* Build configuration list for PBXProject "xcode_project" */;
			developmentRegion = en;
			hasScannedForEncodings = 0;
			knownRegions = (
				en,
				Base,
			);
			mainGroup = 83DF03F12DE42547007ADC56;
			minimizedProjectReferenceProxies = 1;
			preferredProjectObjectVersion = 77;
			productRefGroup = 83DF03FB2DE42547007ADC56 /* Products */;
			projectDirPath = "";
			projectRoot = "";
			targets = (
				83DF03F92DE42547007ADC56 /* xcode_project */,
				83DF04072DE42549007ADC56 /* xcode_projectTests */,
				83DF04112DE42549007ADC56 /* xcode_projectUITests */,
			);
		};
/* End PBXProject section */

/* Begin PBXResourcesBuildPhase section */
		83DF03F82DE42547007ADC56 /* Resources */ = {
			isa = PBXResourcesBuildPhase;
			buildActionMask = 2147483647;
			files = (
			);
			runOnlyForDeploymentPostprocessing = 0;
		};
		83DF04062DE42549007ADC56 /* Resources */ = {
			isa = PBXResourcesBuildPhase;
			buildActionMask = 2147483647;
			files = (
			);
			runOnlyForDeploymentPostprocessing = 0;
		};
		83DF04102DE42549007ADC56 /* Resources */ = {
			isa = PBXResourcesBuildPhase;
			buildActionMask = 2147483647;
			files = (
			);
			runOnlyForDeploymentPostprocessing = 0;
		};
/* End PBXResourcesBuildPhase section */

/* Begin PBXSourcesBuildPhase section */
		83DF03F62DE42547007ADC56 /* Sources */ = {
			isa = PBXSourcesBuildPhase;
			buildActionMask = 2147483647;
			files = (
			);
			runOnlyForDeploymentPostprocessing = 0;
		};
		83DF04042DE42549007ADC56 /* Sources */ = {
			isa = PBXSourcesBuildPhase;
			buildActionMask = 2147483647;
			files = (
			);
			runOnlyForDeploymentPostprocessing = 0;
		};
		83DF040E2DE42549007ADC56 /* Sources */ = {
			isa = PBXSourcesBuildPhase;
			buildActionMask = 2147483647;
			files = (
			);
			runOnlyForDeploymentPostprocessing = 0;
		};
/* End PBXSourcesBuildPhase section */

/* Begin PBXTargetDependency section */
		83DF040A2DE42549007ADC56 /* PBXTargetDependency */ = {
			isa = PBXTargetDependency;
			target = 83DF03F92DE42547007ADC56 /* xcode_project */;
			targetProxy = 83DF04092DE42549007ADC56 /* PBXContainerItemProxy */;
		};
		83DF04142DE42549007ADC56 /* PBXTargetDependency */ = {
			isa = PBXTargetDependency;
			target = 83DF03F92DE42547007ADC56 /* xcode_project */;
			targetProxy = 83DF04132DE42549007ADC56 /* PBXContainerItemProxy */;
		};
/* End PBXTargetDependency section */

/* Begin XCBuildConfiguration section */
		83DF041A2DE42549007ADC56 /* Debug */ = {
			isa = XCBuildConfiguration;
			buildSettings = {
				ALWAYS_SEARCH_USER_PATHS = NO;
				ASSETCATALOG_COMPILER_GENERATE_SWIFT_ASSET_SYMBOL_EXTENSIONS = YES;
				CLANG_ANALYZER_NONNULL = YES;
				CLANG_ANALYZER_NUMBER_OBJECT_CONVERSION = YES_AGGRESSIVE;
				CLANG_CXX_LANGUAGE_STANDARD = "gnu++20";
				CLANG_ENABLE_MODULES = YES;
				CLANG_ENABLE_OBJC_ARC = YES;
				CLANG_ENABLE_OBJC_WEAK = YES;
				CLANG_WARN_BLOCK_CAPTURE_AUTORELEASING = YES;
				CLANG_WARN_BOOL_CONVERSION = YES;
				CLANG_WARN_COMMA = YES;
				CLANG_WARN_CONSTANT_CONVERSION = YES;
				CLANG_WARN_DEPRECATED_OBJC_IMPLEMENTATIONS = YES;
				CLANG_WARN_DIRECT_OBJC_ISA_USAGE = YES_ERROR;
				CLANG_WARN_DOCUMENTATION_COMMENTS = YES;
				CLANG_WARN_EMPTY_BODY = YES;
				CLANG_WARN_ENUM_CONVERSION = YES;
				CLANG_WARN_INFINITE_RECURSION = YES;
				CLANG_WARN_INT_CONVERSION = YES;
				CLANG_WARN_NON_LITERAL_NULL_CONVERSION = YES;
				CLANG_WARN_OBJC_IMPLICIT_RETAIN_SELF = YES;
				CLANG_WARN_OBJC_LITERAL_CONVERSION = YES;
				CLANG_WARN_OBJC_ROOT_CLASS = YES_ERROR;
				CLANG_WARN_QUOTED_INCLUDE_IN_FRAMEWORK_HEADER = YES;
				CLANG_WARN_RANGE_LOOP_ANALYSIS = YES;
				CLANG_WARN_STRICT_PROTOTYPES = YES;
				CLANG_WARN_SUSPICIOUS_MOVE = YES;
				CLANG_WARN_UNGUARDED_AVAILABILITY = YES_AGGRESSIVE;
				CLANG_WARN_UNREACHABLE_CODE = YES;
				CLANG_WARN__DUPLICATE_METHOD_MATCH = YES;
				COPY_PHASE_STRIP = NO;
				DEBUG_INFORMATION_FORMAT = dwarf;
				ENABLE_STRICT_OBJC_MSGSEND = YES;
				ENABLE_TESTABILITY = YES;
				ENABLE_USER_SCRIPT_SANDBOXING = YES;
				GCC_C_LANGUAGE_STANDARD = gnu17;
				GCC_DYNAMIC_NO_PIC = NO;
				GCC_NO_COMMON_BLOCKS = YES;
				GCC_OPTIMIZATION_LEVEL = 0;
				GCC_PREPROCESSOR_DEFINITIONS = (
					"DEBUG=1",
					"$(inherited)",
				);
				GCC_WARN_64_TO_32_BIT_CONVERSION = YES;
				GCC_WARN_ABOUT_RETURN_TYPE = YES_ERROR;
				GCC_WARN_UNDECLARED_SELECTOR = YES;
				GCC_WARN_UNINITIALIZED_AUTOS = YES_AGGRESSIVE;
				GCC_WARN_UNUSED_FUNCTION = YES;
				GCC_WARN_UNUSED_VARIABLE = YES;
				LOCALIZATION_PREFERS_STRING_CATALOGS = YES;
				MACOSX_DEPLOYMENT_TARGET = 15.4;
				MTL_ENABLE_DEBUG_INFO = INCLUDE_SOURCE;
				MTL_FAST_MATH = YES;
				ONLY_ACTIVE_ARCH = YES;
				SDKROOT = macosx;
				SWIFT_ACTIVE_COMPILATION_CONDITIONS = "DEBUG $(inherited)";
				SWIFT_OPTIMIZATION_LEVEL = "-Onone";
			};
			name = Debug;
		};
		83DF041B2DE42549007ADC56 /* Release */ = {
			isa = XCBuildConfiguration;
			buildSettings = {
				ALWAYS_SEARCH_USER_PATHS = NO;
				ASSETCATALOG_COMPILER_GENERATE_SWIFT_ASSET_SYMBOL_EXTENSIONS = YES;
				CLANG_ANALYZER_NONNULL = YES;
				CLANG_ANALYZER_NUMBER_OBJECT_CONVERSION = YES_AGGRESSIVE;
				CLANG_CXX_LANGUAGE_STANDARD = "gnu++20";
				CLANG_ENABLE_MODULES = YES;
				CLANG_ENABLE_OBJC_ARC = YES;
				CLANG_ENABLE_OBJC_WEAK = YES;
				CLANG_WARN_BLOCK_CAPTURE_AUTORELEASING = YES;
				CLANG_WARN_BOOL_CONVERSION = YES;
				CLANG_WARN_COMMA = YES;
				CLANG_WARN_CONSTANT_CONVERSION = YES;
				CLANG_WARN_DEPRECATED_OBJC_IMPLEMENTATIONS = YES;
				CLANG_WARN_DIRECT_OBJC_ISA_USAGE = YES_ERROR;
				CLANG_WARN_DOCUMENTATION_COMMENTS = YES;
				CLANG_WARN_EMPTY_BODY = YES;
				CLANG_WARN_ENUM_CONVERSION = YES;
				CLANG_WARN_INFINITE_RECURSION = YES;
				CLANG_WARN_INT_CONVERSION = YES;
				CLANG_WARN_NON_LITERAL_NULL_CONVERSION = YES;
				CLANG_WARN_OBJC_IMPLICIT_RETAIN_SELF = YES;
				CLANG_WARN_OBJC_LITERAL_CONVERSION = YES;
				CLANG_WARN_OBJC_ROOT_CLASS = YES_ERROR;
				CLANG_WARN_QUOTED_INCLUDE_IN_FRAMEWORK_HEADER = YES;
				CLANG_WARN_RANGE_LOOP_ANALYSIS = YES;
				CLANG_WARN_STRICT_PROTOTYPES = YES;
				CLANG_WARN_SUSPICIOUS_MOVE = YES;
				CLANG_WARN_UNGUARDED_AVAILABILITY = YES_AGGRESSIVE;
				CLANG_WARN_UNREACHABLE_CODE = YES;
				CLANG_WARN__DUPLICATE_METHOD_MATCH = YES;
				COPY_PHASE_STRIP = NO;
				DEBUG_INFORMATION_FORMAT = "dwarf-with-dsym";
				ENABLE_NS_ASSERTIONS = NO;
				ENABLE_STRICT_OBJC_MSGSEND = YES;
				ENABLE_USER_SCRIPT_SANDBOXING = YES;
				GCC_C_LANGUAGE_STANDARD = gnu17;
				GCC_NO_COMMON_BLOCKS = YES;
				GCC_WARN_64_TO_32_BIT_CONVERSION = YES;
				GCC_WARN_ABOUT_RETURN_TYPE = YES_ERROR;
				GCC_WARN_UNDECLARED_SELECTOR = YES;
				GCC_WARN_UNINITIALIZED_AUTOS = YES_AGGRESSIVE;
				GCC_WARN_UNUSED_FUNCTION = YES;
				GCC_WARN_UNUSED_VARIABLE = YES;
				LOCALIZATION_PREFERS_STRING_CATALOGS = YES;
				MACOSX_DEPLOYMENT_TARGET = 15.4;
				MTL_ENABLE_DEBUG_INFO = NO;
				MTL_FAST_MATH = YES;
				SDKROOT = macosx;
				SWIFT_COMPILATION_MODE = wholemodule;
			};
			name = Release;
		};
		83DF041D2DE42549007ADC56 /* Debug */ = {
			isa = XCBuildConfiguration;
			buildSettings = {
				ASSETCATALOG_COMPILER_APPICON_NAME = AppIcon;
				ASSETCATALOG_COMPILER_GLOBAL_ACCENT_COLOR_NAME = AccentColor;
				CODE_SIGN_ENTITLEMENTS = xcode_project/xcode_project.entitlements;
				CODE_SIGN_STYLE = Automatic;
				COMBINE_HIDPI_IMAGES = YES;
				CURRENT_PROJECT_VERSION = 1;
				ENABLE_PREVIEWS = YES;
				GENERATE_INFOPLIST_FILE = YES;
				INFOPLIST_KEY_NSHumanReadableCopyright = "";
				LD_RUNPATH_SEARCH_PATHS = (
					"$(inherited)",
					"@executable_path/../Frameworks",
				);
				MARKETING_VERSION = 1.0;
				PRODUCT_BUNDLE_IDENTIFIER = "UNFUN.xcode-project";
				PRODUCT_NAME = "$(TARGET_NAME)";
				REGISTER_APP_GROUPS = YES;
				SWIFT_EMIT_LOC_STRINGS = YES;
				SWIFT_VERSION = 5.0;
			};
			name = Debug;
		};
		83DF041E2DE42549007ADC56 /* Release */ = {
			isa = XCBuildConfiguration;
			buildSettings = {
				ASSETCATALOG_COMPILER_APPICON_NAME = AppIcon;
				ASSETCATALOG_COMPILER_GLOBAL_ACCENT_COLOR_NAME = AccentColor;
				CODE_SIGN_ENTITLEMENTS = xcode_project/xcode_project.entitlements;
				CODE_SIGN_STYLE = Automatic;
				COMBINE_HIDPI_IMAGES = YES;
				CURRENT_PROJECT_VERSION = 1;
				ENABLE_PREVIEWS = YES;
				GENERATE_INFOPLIST_FILE = YES;
				INFOPLIST_KEY_NSHumanReadableCopyright = "";
				LD_RUNPATH_SEARCH_PATHS = (
					"$(inherited)",
					"@executable_path/../Frameworks",
				);
				MARKETING_VERSION = 1.0;
				PRODUCT_BUNDLE_IDENTIFIER = "UNFUN.xcode-project";
				PRODUCT_NAME = "$(TARGET_NAME)";
				REGISTER_APP_GROUPS = YES;
				SWIFT_EMIT_LOC_STRINGS = YES;
				SWIFT_VERSION = 5.0;
			};
			name = Release;
		};
		83DF04202DE42549007ADC56 /* Debug */ = {
			isa = XCBuildConfiguration;
			buildSettings = {
				BUNDLE_LOADER = "$(TEST_HOST)";
				CODE_SIGN_STYLE = Automatic;
				CURRENT_PROJECT_VERSION = 1;
				GENERATE_INFOPLIST_FILE = YES;
				MACOSX_DEPLOYMENT_TARGET = 15.4;
				MARKETING_VERSION = 1.0;
				PRODUCT_BUNDLE_IDENTIFIER = "UNFUN.xcode-projectTests";
				PRODUCT_NAME = "$(TARGET_NAME)";
				SWIFT_EMIT_LOC_STRINGS = NO;
				SWIFT_VERSION = 5.0;
				TEST_HOST = "$(BUILT_PRODUCTS_DIR)/xcode_project.app/$(BUNDLE_EXECUTABLE_FOLDER_PATH)/xcode_project";
			};
			name = Debug;
		};
		83DF04212DE42549007ADC56 /* Release */ = {
			isa = XCBuildConfiguration;
			buildSettings = {
				BUNDLE_LOADER = "$(TEST_HOST)";
				CODE_SIGN_STYLE = Automatic;
				CURRENT_PROJECT_VERSION = 1;
				GENERATE_INFOPLIST_FILE = YES;
				MACOSX_DEPLOYMENT_TARGET = 15.4;
				MARKETING_VERSION = 1.0;
				PRODUCT_BUNDLE_IDENTIFIER = "UNFUN.xcode-projectTests";
				PRODUCT_NAME = "$(TARGET_NAME)";
				SWIFT_EMIT_LOC_STRINGS = NO;
				SWIFT_VERSION = 5.0;
				TEST_HOST = "$(BUILT_PRODUCTS_DIR)/xcode_project.app/$(BUNDLE_EXECUTABLE_FOLDER_PATH)/xcode_project";
			};
			name = Release;
		};
		83DF04232DE42549007ADC56 /* Debug */ = {
			isa = XCBuildConfiguration;
			buildSettings = {
				CODE_SIGN_STYLE = Automatic;
				CURRENT_PROJECT_VERSION = 1;
				GENERATE_INFOPLIST_FILE = YES;
				MARKETING_VERSION = 1.0;
				PRODUCT_BUNDLE_IDENTIFIER = "UNFUN.xcode-projectUITests";
				PRODUCT_NAME = "$(TARGET_NAME)";
				SWIFT_EMIT_LOC_STRINGS = NO;
				SWIFT_VERSION = 5.0;
				TEST_TARGET_NAME = xcode_project;
			};
			name = Debug;
		};
		83DF04242DE42549007ADC56 /* Release */ = {
			isa = XCBuildConfiguration;
			buildSettings = {
				CODE_SIGN_STYLE = Automatic;
				CURRENT_PROJECT_VERSION = 1;
				GENERATE_INFOPLIST_FILE = YES;
				MARKETING_VERSION = 1.0;
				PRODUCT_BUNDLE_IDENTIFIER = "UNFUN.xcode-projectUITests";
				PRODUCT_NAME = "$(TARGET_NAME)";
				SWIFT_EMIT_LOC_STRINGS = NO;
				SWIFT_VERSION = 5.0;
				TEST_TARGET_NAME = xcode_project;
			};
			name = Release;
		};
/* End XCBuildConfiguration section */

/* Begin XCConfigurationList section */
		83DF03F52DE42547007ADC56 /* Build configuration list for PBXProject "xcode_project" */ = {
			isa = XCConfigurationList;
			buildConfigurations = (
				83DF041A2DE42549007ADC56 /* Debug */,
				83DF041B2DE42549007ADC56 /* Release */,
			);
			defaultConfigurationIsVisible = 0;
			defaultConfigurationName = Release;
		};
		83DF041C2DE42549007ADC56 /* Build configuration list for PBXNativeTarget "xcode_project" */ = {
			isa = XCConfigurationList;
			buildConfigurations = (
				83DF041D2DE42549007ADC56 /* Debug */,
				83DF041E2DE42549007ADC56 /* Release */,
			);
			defaultConfigurationIsVisible = 0;
			defaultConfigurationName = Release;
		};
		83DF041F2DE42549007ADC56 /* Build configuration list for PBXNativeTarget "xcode_projectTests" */ = {
			isa = XCConfigurationList;
			buildConfigurations = (
				83DF04202DE42549007ADC56 /* Debug */,
				83DF04212DE42549007ADC56 /* Release */,
			);
			defaultConfigurationIsVisible = 0;
			defaultConfigurationName = Release;
		};
		83DF04222DE42549007ADC56 /* Build configuration list for PBXNativeTarget "xcode_projectUITests" */ = {
			isa = XCConfigurationList;
			buildConfigurations = (
				83DF04232DE42549007ADC56 /* Debug */,
				83DF04242DE42549007ADC56 /* Release */,
			);
			defaultConfigurationIsVisible = 0;
			defaultConfigurationName = Release;
		};
/* End XCConfigurationList section */
	};
	rootObject = 83DF03F22DE42547007ADC56 /* Project object */;
}
